github.com/davecgh/go-spew v1.1.1 h1:vj9j/u1bqnvCEfJOwUhtlOARqs3+rkHYY13jYWTU97c=
github.com/davecgh/go-spew v1.1.1/go.mod h1:J7Y8YcW2NihsgmVo/mv3lAwl/skON4iLHjSsI+c5H38=
github.com/flowdev/gflowparser v0.0.0-20191030141552-27881c9af567 h1:lEQzCapk2D2s/pg14mT8Wn8L9SXNl811iwzpU6fzxZ4=
github.com/flowdev/gflowparser v0.0.0-20191030141552-27881c9af567/go.mod h1:1YXaui387o8FEQcILrt0iaSzgPm0mGyMRmmK/Df4rGg=
github.com/flowdev/gparselib v0.0.0-20190826175941-49986cd3c0ee h1:GzYt++tcKuiME0I2ip+SMQ7zEnyN/f2RrmHWOfOywtQ=
github.com/flowdev/gparselib v0.0.0-20190826175941-49986cd3c0ee/go.mod h1:Y7inTZ0pT/CjSfwaUTV4/69tbu22y9/7CTmw/fER/hg=
github.com/sanity-io/litter v1.1.0 h1:BllcKWa3VbZmOZbDCoszYLk7zCsKHz5Beossi8SUcTc=
github.com/sanity-io/litter v1.1.0/go.mod h1:CJ0VCw2q4qKU7LaQr3n7UOSHzgEMgcGco7N/SkZQPjw=
